
Microsoft Visual Studio Solution File, Format Version 12.00
# Visual Studio Version 16
VisualStudioVersion = 16.0.32929.386
MinimumVisualStudioVersion = 10.0.40219.1
Project("{FAE04EC0-301F-11D3-BF4B-00C04F79EFBC}") = "Movie.Site", "Movie.Site\Movie.Site.csproj", "{CC4AD001-5A62-45CC-960C-F3AA53E6C026}"
EndProject
Global
	GlobalSection(SolutionConfigurationPlatforms) = preSolution
		Debug|Any CPU = Debug|Any CPU
		Release|Any CPU = Release|Any CPU
	EndGlobalSection
	GlobalSection(ProjectConfigurationPlatforms) = postSolution
		{CC4AD001-5A62-45CC-960C-F3AA53E6C026}.Debug|Any CPU.ActiveCfg = Debug|Any CPU
		{CC4AD001-5A62-45CC-960C-F3AA53E6C026}.Debug|Any CPU.Build.0 = Debug|Any CPU
		{CC4AD001-5A62-45CC-960C-F3AA53E6C026}.Release|Any CPU.ActiveCfg = Release|Any CPU
		{CC4AD001-5A62-45CC-960C-F3AA53E6C026}.Release|Any CPU.Build.0 = Release|Any CPU
	EndGlobalSection
	GlobalSection(SolutionProperties) = preSolution
		HideSolutionNode = FALSE
	EndGlobalSection
	GlobalSection(ExtensibilityGlobals) = postSolution
		SolutionGuid = {A2A2BBB7-B0A6-4234-8325-ED5AEF8A3AB8}
	EndGlobalSection
EndGlobal
